{
  "version": 4,
  "terraform_version": "1.2.3",
  "serial": 68,
  "lineage": "b794f232-b5de-eccf-4e00-3b9c3a6e2113",
  "outputs": {
    "public_ip": {
      "value": "52.54.156.225",
      "type": "string"
    }
  },
  "resources": [
    {
      "module": "module.application",
      "mode": "managed",
      "type": "docker_container",
      "name": "app",
      "provider": "module.application.provider[\"registry.terraform.io/kreuzwerker/docker\"]",
      "instances": [
        {
          "schema_version": 2,
          "attributes": {
            "attach": false,
            "bridge": "",
            "capabilities": [],
            "command": [
              "/bin/sh",
              "-c",
              "bash -c \"bundle exec rackup\""
            ],
            "container_logs": null,
            "cpu_set": "",
            "cpu_shares": 0,
            "destroy_grace_seconds": null,
            "devices": [],
            "dns": [],
            "dns_opts": [],
            "dns_search": [],
            "domainname": "",
            "entrypoint": [],
            "env": [
              "PORT=4000"
            ],
            "exit_code": null,
            "gateway": "172.17.0.1",
            "group_add": [],
            "healthcheck": [],
            "host": [],
            "hostname": "f1587d1dbbb2",
            "id": "f1587d1dbbb22e814347c0e26bf4d304f843a09777f4947f0469d00680611aa3",
            "image": "sha256:24c81dd399fae671168bdefcab5231a0fb447170d167f8570afa115f47dd4c8e",
            "init": false,
            "ip_address": "172.17.0.2",
            "ip_prefix_length": 16,
            "ipc_mode": "private",
            "labels": [],
            "links": [],
            "log_driver": "json-file",
            "log_opts": {},
            "logs": false,
            "max_retry_count": 0,
            "memory": 0,
            "memory_swap": 0,
            "mounts": [],
            "must_run": true,
            "name": "app",
            "network_alias": null,
            "network_data": [
              {
                "gateway": "172.17.0.1",
                "global_ipv6_address": "",
                "global_ipv6_prefix_length": 0,
                "ip_address": "172.17.0.2",
                "ip_prefix_length": 16,
                "ipv6_gateway": "",
                "network_name": "bridge"
              }
            ],
            "network_mode": "default",
            "networks": null,
            "networks_advanced": [],
            "pid_mode": "",
            "ports": [
              {
                "external": 80,
                "internal": 4000,
                "ip": "0.0.0.0",
                "protocol": "tcp"
              }
            ],
            "privileged": false,
            "publish_all_ports": false,
            "read_only": false,
            "remove_volumes": true,
            "restart": "unless-stopped",
            "rm": false,
            "security_opts": [],
            "shm_size": 64,
            "start": true,
            "stdin_open": false,
            "sysctls": {},
            "tmpfs": {},
            "tty": false,
            "ulimit": [
              {
                "hard": 1024,
                "name": "nofile",
                "soft": 1024
              }
            ],
            "upload": [],
            "user": "",
            "userns_mode": "",
            "volumes": [],
            "working_dir": "/app"
          },
          "sensitive_attributes": [],
          "private": "eyJzY2hlbWFfdmVyc2lvbiI6IjIifQ==",
          "dependencies": [
            "module.application.docker_image.app",
            "module.instance.aws_eip.eip"
          ]
        }
      ]
    },
    {
      "module": "module.application",
      "mode": "managed",
      "type": "docker_image",
      "name": "app",
      "provider": "module.application.provider[\"registry.terraform.io/kreuzwerker/docker\"]",
      "instances": [
        {
          "schema_version": 0,
          "attributes": {
            "build": [],
            "force_remove": null,
            "id": "sha256:24c81dd399fae671168bdefcab5231a0fb447170d167f8570afa115f47dd4c8ehybeats/aws-learn:latest",
            "keep_locally": null,
            "latest": "sha256:24c81dd399fae671168bdefcab5231a0fb447170d167f8570afa115f47dd4c8e",
            "name": "hybeats/aws-learn:latest",
            "output": null,
            "pull_trigger": null,
            "pull_triggers": null
          },
          "sensitive_attributes": [],
          "private": "bnVsbA==",
          "dependencies": [
            "module.instance.aws_eip.eip"
          ]
        }
      ]
    },
    {
      "module": "module.instance",
      "mode": "data",
      "type": "ct_config",
      "name": "config",
      "provider": "provider[\"registry.terraform.io/poseidon/ct\"]",
      "instances": [
        {
          "schema_version": 0,
          "attributes": {
            "content": "variant: fcos\nversion: 1.2.0\npasswd:\n  users:\n  - name: core\n    ssh_authorized_keys:\n    - ssh-rsa AAAAB3NzaC1yc2EAAAADAQABAAABAQC1/tNxkDvsCpusPCQbybmxnpnkuOWU8NQLcqlAFMaj2pM8PYR83bXMW+saC+/uTyudSeFA0nyCkeW3okk5DV7aCwkoztcmRCSAylrFVzo0LE97iV2cJEWAa4XOib7a3xYoxOP0TeoccaZT1Pl3JUaR3JeuX5lzGTfbMFwQzejZlvUWNtEMfEwVMuFC5faPDFKKScJPvW4h8aaKovECDldrY5IOcJr31xFQjL9sBJ2vE4fw+n0IClM4QqBUgYfIG3Whm+d0hPX3sCgumflgJ97Cqcn5tlagYq3b7ylbjFnsCBWsi7EKgr/bj7n3YCnGvuOLIEFC6DCQgVqBn2QuJ/qR\n\n    groups:\n      - docker",
            "id": "1800510558",
            "platform": null,
            "pretty_print": false,
            "rendered": "{\"ignition\":{\"version\":\"3.2.0\"},\"passwd\":{\"users\":[{\"groups\":[\"docker\"],\"name\":\"core\",\"sshAuthorizedKeys\":[\"ssh-rsa AAAAB3NzaC1yc2EAAAADAQABAAABAQC1/tNxkDvsCpusPCQbybmxnpnkuOWU8NQLcqlAFMaj2pM8PYR83bXMW+saC+/uTyudSeFA0nyCkeW3okk5DV7aCwkoztcmRCSAylrFVzo0LE97iV2cJEWAa4XOib7a3xYoxOP0TeoccaZT1Pl3JUaR3JeuX5lzGTfbMFwQzejZlvUWNtEMfEwVMuFC5faPDFKKScJPvW4h8aaKovECDldrY5IOcJr31xFQjL9sBJ2vE4fw+n0IClM4QqBUgYfIG3Whm+d0hPX3sCgumflgJ97Cqcn5tlagYq3b7ylbjFnsCBWsi7EKgr/bj7n3YCnGvuOLIEFC6DCQgVqBn2QuJ/qR\"]}]}}",
            "snippets": null,
            "strict": true
          },
          "sensitive_attributes": []
        }
      ]
    },
    {
      "module": "module.instance",
      "mode": "managed",
      "type": "aws_eip",
      "name": "eip",
      "provider": "provider[\"registry.terraform.io/hashicorp/aws\"]",
      "instances": [
        {
          "schema_version": 0,
          "attributes": {
            "address": null,
            "allocation_id": "eipalloc-090811ab08d2d077f",
            "associate_with_private_ip": null,
            "association_id": "eipassoc-097add494a06d56ca",
            "carrier_ip": "",
            "customer_owned_ip": "",
            "customer_owned_ipv4_pool": "",
            "domain": "vpc",
            "id": "eipalloc-090811ab08d2d077f",
            "instance": "i-026a42c693497fa19",
            "network_border_group": "us-east-1",
            "network_interface": "eni-06ff856d78ad7007d",
            "private_dns": "ip-172-31-81-87.ec2.internal",
            "private_ip": "172.31.81.87",
            "public_dns": "ec2-52-54-156-225.compute-1.amazonaws.com",
            "public_ip": "52.54.156.225",
            "public_ipv4_pool": "amazon",
            "tags": {},
            "tags_all": {},
            "timeouts": null,
            "vpc": true
          },
          "sensitive_attributes": [],
          "private": "eyJlMmJmYjczMC1lY2FhLTExZTYtOGY4OC0zNDM2M2JjN2M0YzAiOnsiZGVsZXRlIjoxODAwMDAwMDAwMDAsInJlYWQiOjkwMDAwMDAwMDAwMCwidXBkYXRlIjozMDAwMDAwMDAwMDB9fQ=="
        }
      ]
    },
    {
      "module": "module.instance",
      "mode": "managed",
      "type": "aws_eip_association",
      "name": "eip_assoc",
      "provider": "provider[\"registry.terraform.io/hashicorp/aws\"]",
      "instances": [
        {
          "schema_version": 0,
          "attributes": {
            "allocation_id": "eipalloc-090811ab08d2d077f",
            "allow_reassociation": null,
            "id": "eipassoc-063c3eff6290f0120",
            "instance_id": "i-082ff7a942118c1eb",
            "network_interface_id": "eni-0604ee7284fe3b2c1",
            "private_ip_address": "172.31.81.105",
            "public_ip": "52.54.156.225"
          },
          "sensitive_attributes": [],
          "private": "bnVsbA==",
          "dependencies": [
            "module.instance.aws_eip.eip",
            "module.instance.aws_instance.app_server",
            "module.instance.data.ct_config.config",
            "module.networking.module.ec2_sg.aws_security_group.this",
            "module.networking.module.ec2_sg.aws_security_group.this_name_prefix",
            "module.ssh.tls_private_key.test"
          ]
        }
      ]
    },
    {
      "module": "module.instance",
      "mode": "managed",
      "type": "aws_instance",
      "name": "app_server",
      "provider": "provider[\"registry.terraform.io/hashicorp/aws\"]",
      "instances": [
        {
          "schema_version": 1,
          "attributes": {
            "ami": "ami-09e2e5104f310ffb5",
            "arn": "arn:aws:ec2:us-east-1:239267052332:instance/i-082ff7a942118c1eb",
            "associate_public_ip_address": true,
            "availability_zone": "us-east-1b",
            "capacity_reservation_specification": [
              {
                "capacity_reservation_preference": "open",
                "capacity_reservation_target": []
              }
            ],
            "cpu_core_count": 1,
            "cpu_threads_per_core": 1,
            "credit_specification": [
              {
                "cpu_credits": "standard"
              }
            ],
            "disable_api_termination": false,
            "ebs_block_device": [],
            "ebs_optimized": false,
            "enclave_options": [
              {
                "enabled": false
              }
            ],
            "ephemeral_block_device": [],
            "get_password_data": false,
            "hibernation": false,
            "host_id": null,
            "iam_instance_profile": "",
            "id": "i-082ff7a942118c1eb",
            "instance_initiated_shutdown_behavior": "stop",
            "instance_state": "running",
            "instance_type": "t2.micro",
            "ipv6_address_count": 0,
            "ipv6_addresses": [],
            "key_name": "",
            "launch_template": [],
            "metadata_options": [
              {
                "http_endpoint": "enabled",
                "http_put_response_hop_limit": 1,
                "http_tokens": "optional",
                "instance_metadata_tags": "disabled"
              }
            ],
            "monitoring": false,
            "network_interface": [],
            "outpost_arn": "",
            "password_data": "",
            "placement_group": "",
            "placement_partition_number": null,
            "primary_network_interface_id": "eni-0604ee7284fe3b2c1",
            "private_dns": "ip-172-31-81-105.ec2.internal",
            "private_ip": "172.31.81.105",
            "public_dns": "ec2-44-201-246-150.compute-1.amazonaws.com",
            "public_ip": "44.201.246.150",
            "root_block_device": [
              {
                "delete_on_termination": true,
                "device_name": "/dev/xvda",
                "encrypted": false,
                "iops": 100,
                "kms_key_id": "",
                "tags": {},
                "throughput": 0,
                "volume_id": "vol-08f8c3bba60ccc6b5",
                "volume_size": 10,
                "volume_type": "gp2"
              }
            ],
            "secondary_private_ips": [],
            "security_groups": [
              "ec2_sg-20220627102625626000000001"
            ],
            "source_dest_check": true,
            "subnet_id": "subnet-02938afd62e3a6843",
            "tags": {
              "Name": "Study AppServer"
            },
            "tags_all": {
              "Name": "Study AppServer"
            },
            "tenancy": "default",
            "timeouts": null,
            "user_data": "375bd514e2470353f805d331388bd9e1e1ea2a54",
            "user_data_base64": null,
            "volume_tags": null,
            "vpc_security_group_ids": [
              "sg-006a55b014987e940"
            ]
          },
          "sensitive_attributes": [],
          "private": "eyJlMmJmYjczMC1lY2FhLTExZTYtOGY4OC0zNDM2M2JjN2M0YzAiOnsiY3JlYXRlIjo2MDAwMDAwMDAwMDAsImRlbGV0ZSI6MTIwMDAwMDAwMDAwMCwidXBkYXRlIjo2MDAwMDAwMDAwMDB9LCJzY2hlbWFfdmVyc2lvbiI6IjEifQ==",
          "dependencies": [
            "module.instance.data.ct_config.config",
            "module.networking.module.ec2_sg.aws_security_group.this",
            "module.networking.module.ec2_sg.aws_security_group.this_name_prefix",
            "module.ssh.tls_private_key.test"
          ]
        }
      ]
    },
    {
      "module": "module.networking",
      "mode": "data",
      "type": "aws_vpc",
      "name": "default",
      "provider": "provider[\"registry.terraform.io/hashicorp/aws\"]",
      "instances": [
        {
          "schema_version": 0,
          "attributes": {
            "arn": "arn:aws:ec2:us-east-1:239267052332:vpc/vpc-05fdde08a12fceeff",
            "cidr_block": "172.31.0.0/16",
            "cidr_block_associations": [
              {
                "association_id": "vpc-cidr-assoc-088cbb2809748989a",
                "cidr_block": "172.31.0.0/16",
                "state": "associated"
              }
            ],
            "default": true,
            "dhcp_options_id": "dopt-01cd6bad28d61bd9e",
            "enable_dns_hostnames": true,
            "enable_dns_support": true,
            "filter": null,
            "id": "vpc-05fdde08a12fceeff",
            "instance_tenancy": "default",
            "ipv6_association_id": "",
            "ipv6_cidr_block": "",
            "main_route_table_id": "rtb-0805d77a9f207e402",
            "owner_id": "239267052332",
            "state": null,
            "tags": {}
          },
          "sensitive_attributes": []
        }
      ]
    },
    {
      "module": "module.networking.module.ec2_sg",
      "mode": "managed",
      "type": "aws_security_group",
      "name": "this_name_prefix",
      "provider": "provider[\"registry.terraform.io/hashicorp/aws\"]",
      "instances": [
        {
          "index_key": 0,
          "schema_version": 1,
          "attributes": {
            "arn": "arn:aws:ec2:us-east-1:239267052332:security-group/sg-006a55b014987e940",
            "description": "Security group for ec2_sg",
            "egress": [
              {
                "cidr_blocks": [
                  "0.0.0.0/0"
                ],
                "description": "All protocols",
                "from_port": 0,
                "ipv6_cidr_blocks": [
                  "::/0"
                ],
                "prefix_list_ids": [],
                "protocol": "-1",
                "security_groups": [],
                "self": false,
                "to_port": 0
              }
            ],
            "id": "sg-006a55b014987e940",
            "ingress": [
              {
                "cidr_blocks": [
                  "0.0.0.0/0"
                ],
                "description": "All IPV4 ICMP",
                "from_port": -1,
                "ipv6_cidr_blocks": [],
                "prefix_list_ids": [],
                "protocol": "icmp",
                "security_groups": [],
                "self": false,
                "to_port": -1
              },
              {
                "cidr_blocks": [
                  "0.0.0.0/0"
                ],
                "description": "HTTP",
                "from_port": 80,
                "ipv6_cidr_blocks": [],
                "prefix_list_ids": [],
                "protocol": "tcp",
                "security_groups": [],
                "self": false,
                "to_port": 80
              },
              {
                "cidr_blocks": [
                  "0.0.0.0/0"
                ],
                "description": "HTTPS",
                "from_port": 443,
                "ipv6_cidr_blocks": [],
                "prefix_list_ids": [],
                "protocol": "tcp",
                "security_groups": [],
                "self": false,
                "to_port": 443
              },
              {
                "cidr_blocks": [
                  "0.0.0.0/0"
                ],
                "description": "SSH",
                "from_port": 22,
                "ipv6_cidr_blocks": [],
                "prefix_list_ids": [],
                "protocol": "tcp",
                "security_groups": [],
                "self": false,
                "to_port": 22
              }
            ],
            "name": "ec2_sg-20220627102625626000000001",
            "name_prefix": "ec2_sg-",
            "owner_id": "239267052332",
            "revoke_rules_on_delete": false,
            "tags": {
              "Name": "ec2_sg"
            },
            "tags_all": {
              "Name": "ec2_sg"
            },
            "timeouts": {
              "create": "10m",
              "delete": "15m"
            },
            "vpc_id": "vpc-05fdde08a12fceeff"
          },
          "sensitive_attributes": [],
          "private": "eyJlMmJmYjczMC1lY2FhLTExZTYtOGY4OC0zNDM2M2JjN2M0YzAiOnsiY3JlYXRlIjo2MDAwMDAwMDAwMDAsImRlbGV0ZSI6OTAwMDAwMDAwMDAwfSwic2NoZW1hX3ZlcnNpb24iOiIxIn0=",
          "dependencies": [
            "module.networking.data.aws_vpc.default"
          ],
          "create_before_destroy": true
        }
      ]
    },
    {
      "module": "module.networking.module.ec2_sg",
      "mode": "managed",
      "type": "aws_security_group_rule",
      "name": "egress_rules",
      "provider": "provider[\"registry.terraform.io/hashicorp/aws\"]",
      "instances": [
        {
          "index_key": 0,
          "schema_version": 2,
          "attributes": {
            "cidr_blocks": [
              "0.0.0.0/0"
            ],
            "description": "All protocols",
            "from_port": 0,
            "id": "sgrule-3162575445",
            "ipv6_cidr_blocks": [
              "::/0"
            ],
            "prefix_list_ids": [],
            "protocol": "-1",
            "security_group_id": "sg-006a55b014987e940",
            "self": false,
            "source_security_group_id": null,
            "to_port": 0,
            "type": "egress"
          },
          "sensitive_attributes": [],
          "private": "eyJzY2hlbWFfdmVyc2lvbiI6IjIifQ==",
          "dependencies": [
            "module.networking.data.aws_vpc.default",
            "module.networking.module.ec2_sg.aws_security_group.this",
            "module.networking.module.ec2_sg.aws_security_group.this_name_prefix"
          ]
        }
      ]
    },
    {
      "module": "module.networking.module.ec2_sg",
      "mode": "managed",
      "type": "aws_security_group_rule",
      "name": "ingress_rules",
      "provider": "provider[\"registry.terraform.io/hashicorp/aws\"]",
      "instances": [
        {
          "index_key": 0,
          "schema_version": 2,
          "attributes": {
            "cidr_blocks": [
              "0.0.0.0/0"
            ],
            "description": "HTTP",
            "from_port": 80,
            "id": "sgrule-4093747437",
            "ipv6_cidr_blocks": [],
            "prefix_list_ids": [],
            "protocol": "tcp",
            "security_group_id": "sg-006a55b014987e940",
            "self": false,
            "source_security_group_id": null,
            "to_port": 80,
            "type": "ingress"
          },
          "sensitive_attributes": [],
          "private": "eyJzY2hlbWFfdmVyc2lvbiI6IjIifQ==",
          "dependencies": [
            "module.networking.data.aws_vpc.default",
            "module.networking.module.ec2_sg.aws_security_group.this",
            "module.networking.module.ec2_sg.aws_security_group.this_name_prefix"
          ]
        },
        {
          "index_key": 1,
          "schema_version": 2,
          "attributes": {
            "cidr_blocks": [
              "0.0.0.0/0"
            ],
            "description": "HTTPS",
            "from_port": 443,
            "id": "sgrule-2602940602",
            "ipv6_cidr_blocks": [],
            "prefix_list_ids": [],
            "protocol": "tcp",
            "security_group_id": "sg-006a55b014987e940",
            "self": false,
            "source_security_group_id": null,
            "to_port": 443,
            "type": "ingress"
          },
          "sensitive_attributes": [],
          "private": "eyJzY2hlbWFfdmVyc2lvbiI6IjIifQ==",
          "dependencies": [
            "module.networking.data.aws_vpc.default",
            "module.networking.module.ec2_sg.aws_security_group.this",
            "module.networking.module.ec2_sg.aws_security_group.this_name_prefix"
          ]
        },
        {
          "index_key": 2,
          "schema_version": 2,
          "attributes": {
            "cidr_blocks": [
              "0.0.0.0/0"
            ],
            "description": "All IPV4 ICMP",
            "from_port": -1,
            "id": "sgrule-3520489106",
            "ipv6_cidr_blocks": [],
            "prefix_list_ids": [],
            "protocol": "icmp",
            "security_group_id": "sg-006a55b014987e940",
            "self": false,
            "source_security_group_id": null,
            "to_port": -1,
            "type": "ingress"
          },
          "sensitive_attributes": [],
          "private": "eyJzY2hlbWFfdmVyc2lvbiI6IjIifQ==",
          "dependencies": [
            "module.networking.data.aws_vpc.default",
            "module.networking.module.ec2_sg.aws_security_group.this",
            "module.networking.module.ec2_sg.aws_security_group.this_name_prefix"
          ]
        },
        {
          "index_key": 3,
          "schema_version": 2,
          "attributes": {
            "cidr_blocks": [
              "0.0.0.0/0"
            ],
            "description": "SSH",
            "from_port": 22,
            "id": "sgrule-1116470616",
            "ipv6_cidr_blocks": [],
            "prefix_list_ids": [],
            "protocol": "tcp",
            "security_group_id": "sg-006a55b014987e940",
            "self": false,
            "source_security_group_id": null,
            "to_port": 22,
            "type": "ingress"
          },
          "sensitive_attributes": [],
          "private": "eyJzY2hlbWFfdmVyc2lvbiI6IjIifQ==",
          "dependencies": [
            "module.networking.data.aws_vpc.default",
            "module.networking.module.ec2_sg.aws_security_group.this",
            "module.networking.module.ec2_sg.aws_security_group.this_name_prefix"
          ]
        }
      ]
    },
    {
      "module": "module.ssh",
      "mode": "managed",
      "type": "local_file",
      "name": "private_key",
      "provider": "provider[\"registry.terraform.io/hashicorp/local\"]",
      "instances": [
        {
          "schema_version": 0,
          "attributes": {
            "content": "-----BEGIN RSA PRIVATE KEY-----\nMIIEpgIBAAKCAQEAtf7TcZA77AqbrDwkG8m5sZ6Z5LjllPDUC3KpQBTGo9qTPD2E\nfN21zFvrGgvv7k8rnUnhQNJ8gpHlt6JJOQ1e2gsJKM7XJkQkgMpaxVc6NCxPe4ld\nnCRFgGuFzom+2t8WKMTj9E3qHHGmU9T5dyVGkdyXrl+Zcxk32zBcEM3o2Zb1FjbR\nDHxMFTLhQuX2jwxSiknCT71uIfGmiqLxAg5Xa2OSDnCa99cRUIy/bASdrxOH8Pp9\nCApTOEKgVIGHyBt1oZvndIT197AoLpn5YCfewqnJ+bZWoGKt2+8pW4xZ7AgVrIux\nCoK/24+592Apxr7jiyBBQugwkIFagZ9kLif6kQIDAQABAoIBAQCqGgD61bqMBeY2\ndwewyTy8XOattnsuWGF4SbUTZde7ciHHXiAkrPysgwUclSet72VuX40fjxw81ayF\nlDMoFe0fksz+zUSeSXZswbVRWRPXi8rGRj+uHuCvBNBNmMU/wN7vQAdnYiN8bmTt\nWdPInph04F8M5eGAiIOCZJLISgxmwXNrcOowc3FTnpQt9HQK721NffaSStbQe9Hh\nUTKtLV7EeXeqDjmwFRwolWwsfPyuytfLE5HehbmU/wW811KMRIizuzxEAZJ5D2xD\ndrgfvmrcpaCf+siGMRxw6uS4hQgzKGss2EQpqmZLQfM7atbZ7q+s9XSF7dDvCzve\nwEb8qtKhAoGBAOHyKBAcyxv+EvMRnIWagoTX8EtGo5d1REYZSY5To1bqzUQJK41z\nMDkNf84Rii0zYb4cCrzryU37V112TCw1tBpKa1P9LkttHiQjnRK9chQ/Skqz9GZ0\njcvDvF0ImkqiZr1YjhnkQamdu5MrXPh7FmY5hmtWUS8ubuCW9rZWp6PdAoGBAM40\nFGn76fxYjnlpaZjP0ApGt+aOMItbj/gyi9Ry/OTT1pLhi54UW8Q4HGDGQhBX0jnQ\nEw/NHbi0CRCmXki92PAyzgtfvicIPjCZX4jZiDvkxjHF2QoSEDw3nOvBQ42tg22W\nUZcsvx5b88Ut1VPdF4+M6LoEaz6MSnvQaYORdxBFAoGBAM6FqCbqGqCwgKOagmYA\nT7KbKjG0FI25CznDnV8xhchJgGviseNt2TMc6qfxkko0f+/j89Cw+GSGC1oLah6y\ny7eINEgl0C3zRCymPMlHTkHBg+d6Szdm68DHXaHv3g/AF4aUrfZuk7I00aH4bddV\nsqinhf0Qfc5Rc9lnQ4Rw+nQlAoGBAIm5Bxlyg+ljTGWTHlBOHGmAqjt3JL0vPo1L\nVVFkK7y6MEqSEipW9qOrxmhsgptfzK2IZ/LZ0MwYkyVnuPlks4xaonu+SsbPHppf\nFgvVHsTCHA4KUtgDEIznqAteXbw2890x1PTfkha426wK3LzSonXia14yrV5tXSIt\nJQwXECrxAoGBAJ8aN99YVNrx8B2WvskimHyUcQSi1mh9gwJ63wu9LliSmLJ2BINO\nf7YZdsJ7D6UA7xG/RO8H1zhoTCmHKN12oxo8/LpsGcXMintCXVTEC7I/ct9giD4x\nUJksVWbpRlXNCoNzcWI8qkdjtx84nGIXI0KKIwQYi/2DfBR0fhm8IwRW\n-----END RSA PRIVATE KEY-----\n",
            "content_base64": null,
            "directory_permission": "0777",
            "file_permission": "0600",
            "filename": "ssh_keys/staging.pem",
            "id": "021c1143de57111bd2c6d39c84c0abe3d4efaa5d",
            "sensitive_content": null,
            "source": null
          },
          "sensitive_attributes": [
            [
              {
                "type": "get_attr",
                "value": "content"
              }
            ]
          ],
          "private": "bnVsbA==",
          "dependencies": [
            "module.ssh.tls_private_key.test"
          ]
        }
      ]
    },
    {
      "module": "module.ssh",
      "mode": "managed",
      "type": "tls_private_key",
      "name": "test",
      "provider": "provider[\"registry.terraform.io/hashicorp/tls\"]",
      "instances": [
        {
          "schema_version": 0,
          "attributes": {
            "algorithm": "RSA",
            "ecdsa_curve": "P224",
            "id": "c557eea88e37b0701ccc403b3f7bc706f3cfc80b",
            "private_key_openssh": "-----BEGIN OPENSSH PRIVATE KEY-----\nb3BlbnNzaC1rZXktdjEAAAAABG5vbmUAAAAEbm9uZQAAAAAAAAABAAABFwAAAAdz\nc2gtcnNhAAAAAwEAAQAAAQEAtf7TcZA77AqbrDwkG8m5sZ6Z5LjllPDUC3KpQBTG\no9qTPD2EfN21zFvrGgvv7k8rnUnhQNJ8gpHlt6JJOQ1e2gsJKM7XJkQkgMpaxVc6\nNCxPe4ldnCRFgGuFzom+2t8WKMTj9E3qHHGmU9T5dyVGkdyXrl+Zcxk32zBcEM3o\n2Zb1FjbRDHxMFTLhQuX2jwxSiknCT71uIfGmiqLxAg5Xa2OSDnCa99cRUIy/bASd\nrxOH8Pp9CApTOEKgVIGHyBt1oZvndIT197AoLpn5YCfewqnJ+bZWoGKt2+8pW4xZ\n7AgVrIuxCoK/24+592Apxr7jiyBBQugwkIFagZ9kLif6kQAAA7g0C9UYNAvVGAAA\nAAdzc2gtcnNhAAABAQC1/tNxkDvsCpusPCQbybmxnpnkuOWU8NQLcqlAFMaj2pM8\nPYR83bXMW+saC+/uTyudSeFA0nyCkeW3okk5DV7aCwkoztcmRCSAylrFVzo0LE97\niV2cJEWAa4XOib7a3xYoxOP0TeoccaZT1Pl3JUaR3JeuX5lzGTfbMFwQzejZlvUW\nNtEMfEwVMuFC5faPDFKKScJPvW4h8aaKovECDldrY5IOcJr31xFQjL9sBJ2vE4fw\n+n0IClM4QqBUgYfIG3Whm+d0hPX3sCgumflgJ97Cqcn5tlagYq3b7ylbjFnsCBWs\ni7EKgr/bj7n3YCnGvuOLIEFC6DCQgVqBn2QuJ/qRAAAAAwEAAQAAAQEAqhoA+tW6\njAXmNncHsMk8vFzmrbZ7LlhheEm1E2XXu3Ihx14gJKz8rIMFHJUnre9lbl+NH48c\nPNWshZQzKBXtH5LM/s1Enkl2bMG1UVkT14vKxkY/rh7grwTQTZjFP8De70AHZ2Ij\nfG5k7VnTyJ6YdOBfDOXhgIiDgmSSyEoMZsFza3DqMHNxU56ULfR0Cu9tTX32kkrW\n0HvR4VEyrS1exHl3qg45sBUcKJVsLHz8rsrXyxOR3oW5lP8FvNdSjESIs7s8RAGS\neQ9sQ3a4H75q3KWgn/rIhjEccOrkuIUIMyhrLNhEKapmS0HzO2rW2e6vrPV0he3Q\n7ws73sBG/KrSoQAAAIEAnxo331hU2vHwHZa+ySKYfJRxBKLWaH2DAnrfC70uWJKY\nsnYEg05/thl2wnsPpQDvEb9E7wfXOGhMKYco3XajGjz8umwZxcyKe0JdVMQLsj9y\n32CIPjFQmSxVZulGVc0Kg3NxYjyqR2O3HzicYhcjQoojBBiL/YN8FHR+GbwjBFYA\nAACBAOHyKBAcyxv+EvMRnIWagoTX8EtGo5d1REYZSY5To1bqzUQJK41zMDkNf84R\nii0zYb4cCrzryU37V112TCw1tBpKa1P9LkttHiQjnRK9chQ/Skqz9GZ0jcvDvF0I\nmkqiZr1YjhnkQamdu5MrXPh7FmY5hmtWUS8ubuCW9rZWp6PdAAAAgQDONBRp++n8\nWI55aWmYz9AKRrfmjjCLW4/4MovUcvzk09aS4YueFFvEOBxgxkIQV9I50BMPzR24\ntAkQpl5IvdjwMs4LX74nCD4wmV+I2Yg75MYxxdkKEhA8N5zrwUONrYNtllGXLL8e\nW/PFLdVT3RePjOi6BGs+jEp70GmDkXcQRQAAAAAB\n-----END OPENSSH PRIVATE KEY-----\n",
            "private_key_pem": "-----BEGIN RSA PRIVATE KEY-----\nMIIEpgIBAAKCAQEAtf7TcZA77AqbrDwkG8m5sZ6Z5LjllPDUC3KpQBTGo9qTPD2E\nfN21zFvrGgvv7k8rnUnhQNJ8gpHlt6JJOQ1e2gsJKM7XJkQkgMpaxVc6NCxPe4ld\nnCRFgGuFzom+2t8WKMTj9E3qHHGmU9T5dyVGkdyXrl+Zcxk32zBcEM3o2Zb1FjbR\nDHxMFTLhQuX2jwxSiknCT71uIfGmiqLxAg5Xa2OSDnCa99cRUIy/bASdrxOH8Pp9\nCApTOEKgVIGHyBt1oZvndIT197AoLpn5YCfewqnJ+bZWoGKt2+8pW4xZ7AgVrIux\nCoK/24+592Apxr7jiyBBQugwkIFagZ9kLif6kQIDAQABAoIBAQCqGgD61bqMBeY2\ndwewyTy8XOattnsuWGF4SbUTZde7ciHHXiAkrPysgwUclSet72VuX40fjxw81ayF\nlDMoFe0fksz+zUSeSXZswbVRWRPXi8rGRj+uHuCvBNBNmMU/wN7vQAdnYiN8bmTt\nWdPInph04F8M5eGAiIOCZJLISgxmwXNrcOowc3FTnpQt9HQK721NffaSStbQe9Hh\nUTKtLV7EeXeqDjmwFRwolWwsfPyuytfLE5HehbmU/wW811KMRIizuzxEAZJ5D2xD\ndrgfvmrcpaCf+siGMRxw6uS4hQgzKGss2EQpqmZLQfM7atbZ7q+s9XSF7dDvCzve\nwEb8qtKhAoGBAOHyKBAcyxv+EvMRnIWagoTX8EtGo5d1REYZSY5To1bqzUQJK41z\nMDkNf84Rii0zYb4cCrzryU37V112TCw1tBpKa1P9LkttHiQjnRK9chQ/Skqz9GZ0\njcvDvF0ImkqiZr1YjhnkQamdu5MrXPh7FmY5hmtWUS8ubuCW9rZWp6PdAoGBAM40\nFGn76fxYjnlpaZjP0ApGt+aOMItbj/gyi9Ry/OTT1pLhi54UW8Q4HGDGQhBX0jnQ\nEw/NHbi0CRCmXki92PAyzgtfvicIPjCZX4jZiDvkxjHF2QoSEDw3nOvBQ42tg22W\nUZcsvx5b88Ut1VPdF4+M6LoEaz6MSnvQaYORdxBFAoGBAM6FqCbqGqCwgKOagmYA\nT7KbKjG0FI25CznDnV8xhchJgGviseNt2TMc6qfxkko0f+/j89Cw+GSGC1oLah6y\ny7eINEgl0C3zRCymPMlHTkHBg+d6Szdm68DHXaHv3g/AF4aUrfZuk7I00aH4bddV\nsqinhf0Qfc5Rc9lnQ4Rw+nQlAoGBAIm5Bxlyg+ljTGWTHlBOHGmAqjt3JL0vPo1L\nVVFkK7y6MEqSEipW9qOrxmhsgptfzK2IZ/LZ0MwYkyVnuPlks4xaonu+SsbPHppf\nFgvVHsTCHA4KUtgDEIznqAteXbw2890x1PTfkha426wK3LzSonXia14yrV5tXSIt\nJQwXECrxAoGBAJ8aN99YVNrx8B2WvskimHyUcQSi1mh9gwJ63wu9LliSmLJ2BINO\nf7YZdsJ7D6UA7xG/RO8H1zhoTCmHKN12oxo8/LpsGcXMintCXVTEC7I/ct9giD4x\nUJksVWbpRlXNCoNzcWI8qkdjtx84nGIXI0KKIwQYi/2DfBR0fhm8IwRW\n-----END RSA PRIVATE KEY-----\n",
            "public_key_fingerprint_md5": "1a:99:e0:87:62:24:34:e2:2b:8b:ff:10:14:43:c7:a5",
            "public_key_fingerprint_sha256": "SHA256:WgrTZWcqAs7zM7Rdu2aAvNtVav1IFTlzNhQuf88aNYI",
            "public_key_openssh": "ssh-rsa AAAAB3NzaC1yc2EAAAADAQABAAABAQC1/tNxkDvsCpusPCQbybmxnpnkuOWU8NQLcqlAFMaj2pM8PYR83bXMW+saC+/uTyudSeFA0nyCkeW3okk5DV7aCwkoztcmRCSAylrFVzo0LE97iV2cJEWAa4XOib7a3xYoxOP0TeoccaZT1Pl3JUaR3JeuX5lzGTfbMFwQzejZlvUWNtEMfEwVMuFC5faPDFKKScJPvW4h8aaKovECDldrY5IOcJr31xFQjL9sBJ2vE4fw+n0IClM4QqBUgYfIG3Whm+d0hPX3sCgumflgJ97Cqcn5tlagYq3b7ylbjFnsCBWsi7EKgr/bj7n3YCnGvuOLIEFC6DCQgVqBn2QuJ/qR\n",
            "public_key_pem": "-----BEGIN PUBLIC KEY-----\nMIIBIjANBgkqhkiG9w0BAQEFAAOCAQ8AMIIBCgKCAQEAtf7TcZA77AqbrDwkG8m5\nsZ6Z5LjllPDUC3KpQBTGo9qTPD2EfN21zFvrGgvv7k8rnUnhQNJ8gpHlt6JJOQ1e\n2gsJKM7XJkQkgMpaxVc6NCxPe4ldnCRFgGuFzom+2t8WKMTj9E3qHHGmU9T5dyVG\nkdyXrl+Zcxk32zBcEM3o2Zb1FjbRDHxMFTLhQuX2jwxSiknCT71uIfGmiqLxAg5X\na2OSDnCa99cRUIy/bASdrxOH8Pp9CApTOEKgVIGHyBt1oZvndIT197AoLpn5YCfe\nwqnJ+bZWoGKt2+8pW4xZ7AgVrIuxCoK/24+592Apxr7jiyBBQugwkIFagZ9kLif6\nkQIDAQAB\n-----END PUBLIC KEY-----\n",
            "rsa_bits": 2048
          },
          "sensitive_attributes": [],
          "private": "bnVsbA=="
        }
      ]
    }
  ]
}
